Microsoft Visual Studio Solution File, Format Version 12.00
# Visual Studio 15
VisualStudioVersion = 15.0.26730.8
MinimumVisualStudioVersion = 15.0.26124.0
Project("{2150E333-8FDC-42A3-9474-1A3956D46DE8}") = "src", "src", "{FF95EAE5-FDA8-4976-8E63-20D22063497C}"
EndProject
Project("{9A19103F-16F7-4668-BE54-9A1E7A4F7556}") = "Healthy.Core", "src\Healthy.Core\Healthy.Core.csproj", "{6848CD9E-CE82-4F1B-93FF-AF304BF2DFEF}"
EndProject
Project("{2150E333-8FDC-42A3-9474-1A3956D46DE8}") = "tests", "tests", "{DBED0EFB-CC07-477F-8CAA-ECA6D66143C1}"
EndProject
Project("{9A19103F-16F7-4668-BE54-9A1E7A4F7556}") = "Healthy.SampleApplication", "tests\Healthy.SampleApplication\Healthy.SampleApplication.csproj", "{325F6D8C-0136-4D5B-89EC-EC8290ECED13}"
EndProject
Project("{2150E333-8FDC-42A3-9474-1A3956D46DE8}") = "Tests", "Tests", "{E5B56741-AFAA-4285-93B4-E6B17803B942}"
EndProject
Project("{2150E333-8FDC-42A3-9474-1A3956D46DE8}") = "Mertics", "Mertics", "{6D255D05-F85A-4912-BC9E-20A2A2C29600}"
EndProject
Project("{2150E333-8FDC-42A3-9474-1A3956D46DE8}") = "Storages", "Storages", "{A3E1833C-E5EF-47D5-A51F-BE212474727B}"
EndProject
Project("{9A19103F-16F7-4668-BE54-9A1E7A4F7556}") = "Healthy.Tests.ElasticSearch", "src\Healthy.Tests.ElasticSearch\Healthy.Tests.ElasticSearch.csproj", "{5738F293-7FBF-4A19-AB9D-041BBA486644}"
EndProject
Project("{9A19103F-16F7-4668-BE54-9A1E7A4F7556}") = "Healthy.Tests.FileSystem", "src\Healthy.Tests.FileSystem\Healthy.Tests.FileSystem.csproj", "{464BE380-6448-43BC-B0E6-F2329E4A8EB1}"
EndProject
Project("{9A19103F-16F7-4668-BE54-9A1E7A4F7556}") = "Healthy.Tests.Http", "src\Healthy.Tests.Http\Healthy.Tests.Http.csproj", "{358877AF-F4DE-4F20-A1E6-4971DCB3B37D}"
EndProject
Project("{9A19103F-16F7-4668-BE54-9A1E7A4F7556}") = "Healthy.Tests.Redis", "src\Healthy.Tests.Redis\Healthy.Tests.Redis.csproj", "{64F87782-88B5-4CC8-BFFF-8718EBC286A2}"
EndProject
Project("{9A19103F-16F7-4668-BE54-9A1E7A4F7556}") = "Healthy.Tests.SqlServer", "src\Healthy.Tests.SqlServer\Healthy.Tests.SqlServer.csproj", "{0B47C2B1-6E22-4698-9748-4A916F218654}"
EndProject
Project("{9A19103F-16F7-4668-BE54-9A1E7A4F7556}") = "Healthy.Storage.InMemory", "Healthy.Storage.InMemory\Healthy.Storage.InMemory.csproj", "{79FD7D4B-871D-461D-B263-AEA4DF75DB4A}"
EndProject
Project("{2150E333-8FDC-42A3-9474-1A3956D46DE8}") = "Outputs", "Outputs", "{13D273E5-7234-4541-9725-C5805309BFB6}"
EndProject
Global
	GlobalSection(SolutionConfigurationPlatforms) = preSolution
		Debug|Any CPU = Debug|Any CPU
		Debug|x64 = Debug|x64
		Debug|x86 = Debug|x86
		Release|Any CPU = Release|Any CPU
		Release|x64 = Release|x64
		Release|x86 = Release|x86
	EndGlobalSection
	GlobalSection(ProjectConfigurationPlatforms) = postSolution
		{6848CD9E-CE82-4F1B-93FF-AF304BF2DFEF}.Debug|Any CPU.ActiveCfg = Debug|Any CPU
		{6848CD9E-CE82-4F1B-93FF-AF304BF2DFEF}.Debug|Any CPU.Build.0 = Debug|Any CPU
		{6848CD9E-CE82-4F1B-93FF-AF304BF2DFEF}.Debug|x64.ActiveCfg = Debug|Any CPU
		{6848CD9E-CE82-4F1B-93FF-AF304BF2DFEF}.Debug|x64.Build.0 = Debug|Any CPU
		{6848CD9E-CE82-4F1B-93FF-AF304BF2DFEF}.Debug|x86.ActiveCfg = Debug|Any CPU
		{6848CD9E-CE82-4F1B-93FF-AF304BF2DFEF}.Debug|x86.Build.0 = Debug|Any CPU
		{6848CD9E-CE82-4F1B-93FF-AF304BF2DFEF}.Release|Any CPU.ActiveCfg = Release|Any CPU
		{6848CD9E-CE82-4F1B-93FF-AF304BF2DFEF}.Release|Any CPU.Build.0 = Release|Any CPU
		{6848CD9E-CE82-4F1B-93FF-AF304BF2DFEF}.Release|x64.ActiveCfg = Release|Any CPU
		{6848CD9E-CE82-4F1B-93FF-AF304BF2DFEF}.Release|x64.Build.0 = Release|Any CPU
		{6848CD9E-CE82-4F1B-93FF-AF304BF2DFEF}.Release|x86.ActiveCfg = Release|Any CPU
		{6848CD9E-CE82-4F1B-93FF-AF304BF2DFEF}.Release|x86.Build.0 = Release|Any CPU
		{325F6D8C-0136-4D5B-89EC-EC8290ECED13}.Debug|Any CPU.ActiveCfg = Debug|Any CPU
		{325F6D8C-0136-4D5B-89EC-EC8290ECED13}.Debug|Any CPU.Build.0 = Debug|Any CPU
		{325F6D8C-0136-4D5B-89EC-EC8290ECED13}.Debug|x64.ActiveCfg = Debug|Any CPU
		{325F6D8C-0136-4D5B-89EC-EC8290ECED13}.Debug|x64.Build.0 = Debug|Any CPU
		{325F6D8C-0136-4D5B-89EC-EC8290ECED13}.Debug|x86.ActiveCfg = Debug|Any CPU
		{325F6D8C-0136-4D5B-89EC-EC8290ECED13}.Debug|x86.Build.0 = Debug|Any CPU
		{325F6D8C-0136-4D5B-89EC-EC8290ECED13}.Release|Any CPU.ActiveCfg = Release|Any CPU
		{325F6D8C-0136-4D5B-89EC-EC8290ECED13}.Release|Any CPU.Build.0 = Release|Any CPU
		{325F6D8C-0136-4D5B-89EC-EC8290ECED13}.Release|x64.ActiveCfg = Release|Any CPU
		{325F6D8C-0136-4D5B-89EC-EC8290ECED13}.Release|x64.Build.0 = Release|Any CPU
		{325F6D8C-0136-4D5B-89EC-EC8290ECED13}.Release|x86.ActiveCfg = Release|Any CPU
		{325F6D8C-0136-4D5B-89EC-EC8290ECED13}.Release|x86.Build.0 = Release|Any CPU
		{5738F293-7FBF-4A19-AB9D-041BBA486644}.Debug|Any CPU.ActiveCfg = Debug|Any CPU
		{5738F293-7FBF-4A19-AB9D-041BBA486644}.Debug|Any CPU.Build.0 = Debug|Any CPU
		{5738F293-7FBF-4A19-AB9D-041BBA486644}.Debug|x64.ActiveCfg = Debug|Any CPU
		{5738F293-7FBF-4A19-AB9D-041BBA486644}.Debug|x64.Build.0 = Debug|Any CPU
		{5738F293-7FBF-4A19-AB9D-041BBA486644}.Debug|x86.ActiveCfg = Debug|Any CPU
		{5738F293-7FBF-4A19-AB9D-041BBA486644}.Debug|x86.Build.0 = Debug|Any CPU
		{5738F293-7FBF-4A19-AB9D-041BBA486644}.Release|Any CPU.ActiveCfg = Release|Any CPU
		{5738F293-7FBF-4A19-AB9D-041BBA486644}.Release|Any CPU.Build.0 = Release|Any CPU
		{5738F293-7FBF-4A19-AB9D-041BBA486644}.Release|x64.ActiveCfg = Release|Any CPU
		{5738F293-7FBF-4A19-AB9D-041BBA486644}.Release|x64.Build.0 = Release|Any CPU
		{5738F293-7FBF-4A19-AB9D-041BBA486644}.Release|x86.ActiveCfg = Release|Any CPU
		{5738F293-7FBF-4A19-AB9D-041BBA486644}.Release|x86.Build.0 = Release|Any CPU
		{464BE380-6448-43BC-B0E6-F2329E4A8EB1}.Debug|Any CPU.ActiveCfg = Debug|Any CPU
		{464BE380-6448-43BC-B0E6-F2329E4A8EB1}.Debug|Any CPU.Build.0 = Debug|Any CPU
		{464BE380-6448-43BC-B0E6-F2329E4A8EB1}.Debug|x64.ActiveCfg = Debug|Any CPU
		{464BE380-6448-43BC-B0E6-F2329E4A8EB1}.Debug|x64.Build.0 = Debug|Any CPU
		{464BE380-6448-43BC-B0E6-F2329E4A8EB1}.Debug|x86.ActiveCfg = Debug|Any CPU
		{464BE380-6448-43BC-B0E6-F2329E4A8EB1}.Debug|x86.Build.0 = Debug|Any CPU
		{464BE380-6448-43BC-B0E6-F2329E4A8EB1}.Release|Any CPU.ActiveCfg = Release|Any CPU
		{464BE380-6448-43BC-B0E6-F2329E4A8EB1}.Release|Any CPU.Build.0 = Release|Any CPU
		{464BE380-6448-43BC-B0E6-F2329E4A8EB1}.Release|x64.ActiveCfg = Release|Any CPU
		{464BE380-6448-43BC-B0E6-F2329E4A8EB1}.Release|x64.Build.0 = Release|Any CPU
		{464BE380-6448-43BC-B0E6-F2329E4A8EB1}.Release|x86.ActiveCfg = Release|Any CPU
		{464BE380-6448-43BC-B0E6-F2329E4A8EB1}.Release|x86.Build.0 = Release|Any CPU
		{358877AF-F4DE-4F20-A1E6-4971DCB3B37D}.Debug|Any CPU.ActiveCfg = Debug|Any CPU
		{358877AF-F4DE-4F20-A1E6-4971DCB3B37D}.Debug|Any CPU.Build.0 = Debug|Any CPU
		{358877AF-F4DE-4F20-A1E6-4971DCB3B37D}.Debug|x64.ActiveCfg = Debug|Any CPU
		{358877AF-F4DE-4F20-A1E6-4971DCB3B37D}.Debug|x64.Build.0 = Debug|Any CPU
		{358877AF-F4DE-4F20-A1E6-4971DCB3B37D}.Debug|x86.ActiveCfg = Debug|Any CPU
		{358877AF-F4DE-4F20-A1E6-4971DCB3B37D}.Debug|x86.Build.0 = Debug|Any CPU
		{358877AF-F4DE-4F20-A1E6-4971DCB3B37D}.Release|Any CPU.ActiveCfg = Release|Any CPU
		{358877AF-F4DE-4F20-A1E6-4971DCB3B37D}.Release|Any CPU.Build.0 = Release|Any CPU
		{358877AF-F4DE-4F20-A1E6-4971DCB3B37D}.Release|x64.ActiveCfg = Release|Any CPU
		{358877AF-F4DE-4F20-A1E6-4971DCB3B37D}.Release|x64.Build.0 = Release|Any CPU
		{358877AF-F4DE-4F20-A1E6-4971DCB3B37D}.Release|x86.ActiveCfg = Release|Any CPU
		{358877AF-F4DE-4F20-A1E6-4971DCB3B37D}.Release|x86.Build.0 = Release|Any CPU
		{64F87782-88B5-4CC8-BFFF-8718EBC286A2}.Debug|Any CPU.ActiveCfg = Debug|Any CPU
		{64F87782-88B5-4CC8-BFFF-8718EBC286A2}.Debug|Any CPU.Build.0 = Debug|Any CPU
		{64F87782-88B5-4CC8-BFFF-8718EBC286A2}.Debug|x64.ActiveCfg = Debug|Any CPU
		{64F87782-88B5-4CC8-BFFF-8718EBC286A2}.Debug|x64.Build.0 = Debug|Any CPU
		{64F87782-88B5-4CC8-BFFF-8718EBC286A2}.Debug|x86.ActiveCfg = Debug|Any CPU
		{64F87782-88B5-4CC8-BFFF-8718EBC286A2}.Debug|x86.Build.0 = Debug|Any CPU
		{64F87782-88B5-4CC8-BFFF-8718EBC286A2}.Release|Any CPU.ActiveCfg = Release|Any CPU
		{64F87782-88B5-4CC8-BFFF-8718EBC286A2}.Release|Any CPU.Build.0 = Release|Any CPU
		{64F87782-88B5-4CC8-BFFF-8718EBC286A2}.Release|x64.ActiveCfg = Release|Any CPU
		{64F87782-88B5-4CC8-BFFF-8718EBC286A2}.Release|x64.Build.0 = Release|Any CPU
		{64F87782-88B5-4CC8-BFFF-8718EBC286A2}.Release|x86.ActiveCfg = Release|Any CPU
		{64F87782-88B5-4CC8-BFFF-8718EBC286A2}.Release|x86.Build.0 = Release|Any CPU
		{0B47C2B1-6E22-4698-9748-4A916F218654}.Debug|Any CPU.ActiveCfg = Debug|Any CPU
		{0B47C2B1-6E22-4698-9748-4A916F218654}.Debug|Any CPU.Build.0 = Debug|Any CPU
		{0B47C2B1-6E22-4698-9748-4A916F218654}.Debug|x64.ActiveCfg = Debug|Any CPU
		{0B47C2B1-6E22-4698-9748-4A916F218654}.Debug|x64.Build.0 = Debug|Any CPU
		{0B47C2B1-6E22-4698-9748-4A916F218654}.Debug|x86.ActiveCfg = Debug|Any CPU
		{0B47C2B1-6E22-4698-9748-4A916F218654}.Debug|x86.Build.0 = Debug|Any CPU
		{0B47C2B1-6E22-4698-9748-4A916F218654}.Release|Any CPU.ActiveCfg = Release|Any CPU
		{0B47C2B1-6E22-4698-9748-4A916F218654}.Release|Any CPU.Build.0 = Release|Any CPU
		{0B47C2B1-6E22-4698-9748-4A916F218654}.Release|x64.ActiveCfg = Release|Any CPU
		{0B47C2B1-6E22-4698-9748-4A916F218654}.Release|x64.Build.0 = Release|Any CPU
		{0B47C2B1-6E22-4698-9748-4A916F218654}.Release|x86.ActiveCfg = Release|Any CPU
		{0B47C2B1-6E22-4698-9748-4A916F218654}.Release|x86.Build.0 = Release|Any CPU
		{79FD7D4B-871D-461D-B263-AEA4DF75DB4A}.Debug|Any CPU.ActiveCfg = Debug|Any CPU
		{79FD7D4B-871D-461D-B263-AEA4DF75DB4A}.Debug|Any CPU.Build.0 = Debug|Any CPU
		{79FD7D4B-871D-461D-B263-AEA4DF75DB4A}.Debug|x64.ActiveCfg = Debug|Any CPU
		{79FD7D4B-871D-461D-B263-AEA4DF75DB4A}.Debug|x64.Build.0 = Debug|Any CPU
		{79FD7D4B-871D-461D-B263-AEA4DF75DB4A}.Debug|x86.ActiveCfg = Debug|Any CPU
		{79FD7D4B-871D-461D-B263-AEA4DF75DB4A}.Debug|x86.Build.0 = Debug|Any CPU
		{79FD7D4B-871D-461D-B263-AEA4DF75DB4A}.Release|Any CPU.ActiveCfg = Release|Any CPU
		{79FD7D4B-871D-461D-B263-AEA4DF75DB4A}.Release|Any CPU.Build.0 = Release|Any CPU
		{79FD7D4B-871D-461D-B263-AEA4DF75DB4A}.Release|x64.ActiveCfg = Release|Any CPU
		{79FD7D4B-871D-461D-B263-AEA4DF75DB4A}.Release|x64.Build.0 = Release|Any CPU
		{79FD7D4B-871D-461D-B263-AEA4DF75DB4A}.Release|x86.ActiveCfg = Release|Any CPU
		{79FD7D4B-871D-461D-B263-AEA4DF75DB4A}.Release|x86.Build.0 = Release|Any CPU
	EndGlobalSection
	GlobalSection(SolutionProperties) = preSolution
		HideSolutionNode = FALSE
	EndGlobalSection
	GlobalSection(NestedProjects) = preSolution
		{6848CD9E-CE82-4F1B-93FF-AF304BF2DFEF} = {FF95EAE5-FDA8-4976-8E63-20D22063497C}
		{325F6D8C-0136-4D5B-89EC-EC8290ECED13} = {DBED0EFB-CC07-477F-8CAA-ECA6D66143C1}
		{E5B56741-AFAA-4285-93B4-E6B17803B942} = {FF95EAE5-FDA8-4976-8E63-20D22063497C}
		{6D255D05-F85A-4912-BC9E-20A2A2C29600} = {FF95EAE5-FDA8-4976-8E63-20D22063497C}
		{A3E1833C-E5EF-47D5-A51F-BE212474727B} = {FF95EAE5-FDA8-4976-8E63-20D22063497C}
		{5738F293-7FBF-4A19-AB9D-041BBA486644} = {E5B56741-AFAA-4285-93B4-E6B17803B942}
		{464BE380-6448-43BC-B0E6-F2329E4A8EB1} = {E5B56741-AFAA-4285-93B4-E6B17803B942}
		{358877AF-F4DE-4F20-A1E6-4971DCB3B37D} = {E5B56741-AFAA-4285-93B4-E6B17803B942}
		{64F87782-88B5-4CC8-BFFF-8718EBC286A2} = {E5B56741-AFAA-4285-93B4-E6B17803B942}
		{0B47C2B1-6E22-4698-9748-4A916F218654} = {E5B56741-AFAA-4285-93B4-E6B17803B942}
		{79FD7D4B-871D-461D-B263-AEA4DF75DB4A} = {A3E1833C-E5EF-47D5-A51F-BE212474727B}
		{13D273E5-7234-4541-9725-C5805309BFB6} = {FF95EAE5-FDA8-4976-8E63-20D22063497C}
	EndGlobalSection
	GlobalSection(ExtensibilityGlobals) = postSolution
		SolutionGuid = {FBA39B11-1D78-47AA-9EBC-58B5A0113DC8}
	EndGlobalSection
EndGlobal
