Microsoft Visual Studio Solution File, Format Version 12.00
# Visual Studio 15
VisualStudioVersion = 15.0.27130.2020
MinimumVisualStudioVersion = 15.0.26124.0
Project("{2150E333-8FDC-42A3-9474-1A3956D46DE8}") = "src", "src", "{FF95EAE5-FDA8-4976-8E63-20D22063497C}"
EndProject
Project("{9A19103F-16F7-4668-BE54-9A1E7A4F7556}") = "Healthy.Core", "src\Healthy.Core\Healthy.Core.csproj", "{6848CD9E-CE82-4F1B-93FF-AF304BF2DFEF}"
EndProject
Project("{2150E333-8FDC-42A3-9474-1A3956D46DE8}") = "tests", "tests", "{DBED0EFB-CC07-477F-8CAA-ECA6D66143C1}"
EndProject
Project("{9A19103F-16F7-4668-BE54-9A1E7A4F7556}") = "Healthy.SampleApplication", "tests\Healthy.SampleApplication\Healthy.SampleApplication.csproj", "{325F6D8C-0136-4D5B-89EC-EC8290ECED13}"
EndProject
Project("{2150E333-8FDC-42A3-9474-1A3956D46DE8}") = "HealthChecks", "HealthChecks", "{E5B56741-AFAA-4285-93B4-E6B17803B942}"
EndProject
Project("{2150E333-8FDC-42A3-9474-1A3956D46DE8}") = "Storages", "Storages", "{A3E1833C-E5EF-47D5-A51F-BE212474727B}"
EndProject
Project("{9A19103F-16F7-4668-BE54-9A1E7A4F7556}") = "Healthy.Tests.SqlServer", "src\Healthy.Tests.SqlServer\Healthy.Tests.SqlServer.csproj", "{0B47C2B1-6E22-4698-9748-4A916F218654}"
EndProject
Project("{2150E333-8FDC-42A3-9474-1A3956D46DE8}") = "Outputs", "Outputs", "{13D273E5-7234-4541-9725-C5805309BFB6}"
EndProject
Project("{9A19103F-16F7-4668-BE54-9A1E7A4F7556}") = "Healthy.Core.Abstractions", "src\Healthy.Core.Abstractions\Healthy.Core.Abstractions.csproj", "{C62562A5-9B80-4C31-BDF5-1C3A24D6E193}"
EndProject
Project("{9A19103F-16F7-4668-BE54-9A1E7A4F7556}") = "Healthy.Storage.InMemory", "src\Healthy.Storage.InMemory\Healthy.Storage.InMemory.csproj", "{6C8EA1D3-6E74-4B11-B09A-9BFBCE65B327}"
EndProject
Global
	GlobalSection(SolutionConfigurationPlatforms) = preSolution
		Debug|Any CPU = Debug|Any CPU
		Debug|x64 = Debug|x64
		Debug|x86 = Debug|x86
		Release|Any CPU = Release|Any CPU
		Release|x64 = Release|x64
		Release|x86 = Release|x86
	EndGlobalSection
	GlobalSection(ProjectConfigurationPlatforms) = postSolution
		{6848CD9E-CE82-4F1B-93FF-AF304BF2DFEF}.Debug|Any CPU.ActiveCfg = Debug|Any CPU
		{6848CD9E-CE82-4F1B-93FF-AF304BF2DFEF}.Debug|Any CPU.Build.0 = Debug|Any CPU
		{6848CD9E-CE82-4F1B-93FF-AF304BF2DFEF}.Debug|x64.ActiveCfg = Debug|Any CPU
		{6848CD9E-CE82-4F1B-93FF-AF304BF2DFEF}.Debug|x64.Build.0 = Debug|Any CPU
		{6848CD9E-CE82-4F1B-93FF-AF304BF2DFEF}.Debug|x86.ActiveCfg = Debug|Any CPU
		{6848CD9E-CE82-4F1B-93FF-AF304BF2DFEF}.Debug|x86.Build.0 = Debug|Any CPU
		{6848CD9E-CE82-4F1B-93FF-AF304BF2DFEF}.Release|Any CPU.ActiveCfg = Release|Any CPU
		{6848CD9E-CE82-4F1B-93FF-AF304BF2DFEF}.Release|Any CPU.Build.0 = Release|Any CPU
		{6848CD9E-CE82-4F1B-93FF-AF304BF2DFEF}.Release|x64.ActiveCfg = Release|Any CPU
		{6848CD9E-CE82-4F1B-93FF-AF304BF2DFEF}.Release|x64.Build.0 = Release|Any CPU
		{6848CD9E-CE82-4F1B-93FF-AF304BF2DFEF}.Release|x86.ActiveCfg = Release|Any CPU
		{6848CD9E-CE82-4F1B-93FF-AF304BF2DFEF}.Release|x86.Build.0 = Release|Any CPU
		{325F6D8C-0136-4D5B-89EC-EC8290ECED13}.Debug|Any CPU.ActiveCfg = Debug|Any CPU
		{325F6D8C-0136-4D5B-89EC-EC8290ECED13}.Debug|Any CPU.Build.0 = Debug|Any CPU
		{325F6D8C-0136-4D5B-89EC-EC8290ECED13}.Debug|x64.ActiveCfg = Debug|Any CPU
		{325F6D8C-0136-4D5B-89EC-EC8290ECED13}.Debug|x64.Build.0 = Debug|Any CPU
		{325F6D8C-0136-4D5B-89EC-EC8290ECED13}.Debug|x86.ActiveCfg = Debug|Any CPU
		{325F6D8C-0136-4D5B-89EC-EC8290ECED13}.Debug|x86.Build.0 = Debug|Any CPU
		{325F6D8C-0136-4D5B-89EC-EC8290ECED13}.Release|Any CPU.ActiveCfg = Release|Any CPU
		{325F6D8C-0136-4D5B-89EC-EC8290ECED13}.Release|Any CPU.Build.0 = Release|Any CPU
		{325F6D8C-0136-4D5B-89EC-EC8290ECED13}.Release|x64.ActiveCfg = Release|Any CPU
		{325F6D8C-0136-4D5B-89EC-EC8290ECED13}.Release|x64.Build.0 = Release|Any CPU
		{325F6D8C-0136-4D5B-89EC-EC8290ECED13}.Release|x86.ActiveCfg = Release|Any CPU
		{325F6D8C-0136-4D5B-89EC-EC8290ECED13}.Release|x86.Build.0 = Release|Any CPU
		{0B47C2B1-6E22-4698-9748-4A916F218654}.Debug|Any CPU.ActiveCfg = Debug|Any CPU
		{0B47C2B1-6E22-4698-9748-4A916F218654}.Debug|Any CPU.Build.0 = Debug|Any CPU
		{0B47C2B1-6E22-4698-9748-4A916F218654}.Debug|x64.ActiveCfg = Debug|Any CPU
		{0B47C2B1-6E22-4698-9748-4A916F218654}.Debug|x64.Build.0 = Debug|Any CPU
		{0B47C2B1-6E22-4698-9748-4A916F218654}.Debug|x86.ActiveCfg = Debug|Any CPU
		{0B47C2B1-6E22-4698-9748-4A916F218654}.Debug|x86.Build.0 = Debug|Any CPU
		{0B47C2B1-6E22-4698-9748-4A916F218654}.Release|Any CPU.ActiveCfg = Release|Any CPU
		{0B47C2B1-6E22-4698-9748-4A916F218654}.Release|Any CPU.Build.0 = Release|Any CPU
		{0B47C2B1-6E22-4698-9748-4A916F218654}.Release|x64.ActiveCfg = Release|Any CPU
		{0B47C2B1-6E22-4698-9748-4A916F218654}.Release|x64.Build.0 = Release|Any CPU
		{0B47C2B1-6E22-4698-9748-4A916F218654}.Release|x86.ActiveCfg = Release|Any CPU
		{0B47C2B1-6E22-4698-9748-4A916F218654}.Release|x86.Build.0 = Release|Any CPU
		{C62562A5-9B80-4C31-BDF5-1C3A24D6E193}.Debug|Any CPU.ActiveCfg = Debug|Any CPU
		{C62562A5-9B80-4C31-BDF5-1C3A24D6E193}.Debug|Any CPU.Build.0 = Debug|Any CPU
		{C62562A5-9B80-4C31-BDF5-1C3A24D6E193}.Debug|x64.ActiveCfg = Debug|Any CPU
		{C62562A5-9B80-4C31-BDF5-1C3A24D6E193}.Debug|x64.Build.0 = Debug|Any CPU
		{C62562A5-9B80-4C31-BDF5-1C3A24D6E193}.Debug|x86.ActiveCfg = Debug|Any CPU
		{C62562A5-9B80-4C31-BDF5-1C3A24D6E193}.Debug|x86.Build.0 = Debug|Any CPU
		{C62562A5-9B80-4C31-BDF5-1C3A24D6E193}.Release|Any CPU.ActiveCfg = Release|Any CPU
		{C62562A5-9B80-4C31-BDF5-1C3A24D6E193}.Release|Any CPU.Build.0 = Release|Any CPU
		{C62562A5-9B80-4C31-BDF5-1C3A24D6E193}.Release|x64.ActiveCfg = Release|Any CPU
		{C62562A5-9B80-4C31-BDF5-1C3A24D6E193}.Release|x64.Build.0 = Release|Any CPU
		{C62562A5-9B80-4C31-BDF5-1C3A24D6E193}.Release|x86.ActiveCfg = Release|Any CPU
		{C62562A5-9B80-4C31-BDF5-1C3A24D6E193}.Release|x86.Build.0 = Release|Any CPU
		{6C8EA1D3-6E74-4B11-B09A-9BFBCE65B327}.Debug|Any CPU.ActiveCfg = Debug|Any CPU
		{6C8EA1D3-6E74-4B11-B09A-9BFBCE65B327}.Debug|Any CPU.Build.0 = Debug|Any CPU
		{6C8EA1D3-6E74-4B11-B09A-9BFBCE65B327}.Debug|x64.ActiveCfg = Debug|Any CPU
		{6C8EA1D3-6E74-4B11-B09A-9BFBCE65B327}.Debug|x64.Build.0 = Debug|Any CPU
		{6C8EA1D3-6E74-4B11-B09A-9BFBCE65B327}.Debug|x86.ActiveCfg = Debug|Any CPU
		{6C8EA1D3-6E74-4B11-B09A-9BFBCE65B327}.Debug|x86.Build.0 = Debug|Any CPU
		{6C8EA1D3-6E74-4B11-B09A-9BFBCE65B327}.Release|Any CPU.ActiveCfg = Release|Any CPU
		{6C8EA1D3-6E74-4B11-B09A-9BFBCE65B327}.Release|Any CPU.Build.0 = Release|Any CPU
		{6C8EA1D3-6E74-4B11-B09A-9BFBCE65B327}.Release|x64.ActiveCfg = Release|Any CPU
		{6C8EA1D3-6E74-4B11-B09A-9BFBCE65B327}.Release|x64.Build.0 = Release|Any CPU
		{6C8EA1D3-6E74-4B11-B09A-9BFBCE65B327}.Release|x86.ActiveCfg = Release|Any CPU
		{6C8EA1D3-6E74-4B11-B09A-9BFBCE65B327}.Release|x86.Build.0 = Release|Any CPU
	EndGlobalSection
	GlobalSection(SolutionProperties) = preSolution
		HideSolutionNode = FALSE
	EndGlobalSection
	GlobalSection(NestedProjects) = preSolution
		{6848CD9E-CE82-4F1B-93FF-AF304BF2DFEF} = {FF95EAE5-FDA8-4976-8E63-20D22063497C}
		{325F6D8C-0136-4D5B-89EC-EC8290ECED13} = {DBED0EFB-CC07-477F-8CAA-ECA6D66143C1}
		{E5B56741-AFAA-4285-93B4-E6B17803B942} = {FF95EAE5-FDA8-4976-8E63-20D22063497C}
		{A3E1833C-E5EF-47D5-A51F-BE212474727B} = {FF95EAE5-FDA8-4976-8E63-20D22063497C}
		{0B47C2B1-6E22-4698-9748-4A916F218654} = {E5B56741-AFAA-4285-93B4-E6B17803B942}
		{13D273E5-7234-4541-9725-C5805309BFB6} = {FF95EAE5-FDA8-4976-8E63-20D22063497C}
		{C62562A5-9B80-4C31-BDF5-1C3A24D6E193} = {FF95EAE5-FDA8-4976-8E63-20D22063497C}
		{6C8EA1D3-6E74-4B11-B09A-9BFBCE65B327} = {A3E1833C-E5EF-47D5-A51F-BE212474727B}
	EndGlobalSection
	GlobalSection(ExtensibilityGlobals) = postSolution
		SolutionGuid = {FBA39B11-1D78-47AA-9EBC-58B5A0113DC8}
	EndGlobalSection
EndGlobal
