
Microsoft Visual Studio Solution File, Format Version 12.00
# Visual Studio 15
VisualStudioVersion = 15.0.26124.0
MinimumVisualStudioVersion = 15.0.26124.0
Project("{2150E333-8FDC-42A3-9474-1A3956D46DE8}") = "src", "src", "{FF95EAE5-FDA8-4976-8E63-20D22063497C}"
EndProject
Project("{FAE04EC0-301F-11D3-BF4B-00C04F79EFBC}") = "Healthy.Core", "src\Healthy.Core\Healthy.Core.csproj", "{6848CD9E-CE82-4F1B-93FF-AF304BF2DFEF}"
EndProject
Project("{FAE04EC0-301F-11D3-BF4B-00C04F79EFBC}") = "Healthy.ElasticSearch", "src\Healthy.ElasticSearch\Healthy.ElasticSearch.csproj", "{0C739C00-04C7-428A-AFBE-4AD378DAF3EB}"
EndProject
Project("{FAE04EC0-301F-11D3-BF4B-00C04F79EFBC}") = "Healthy.FileSystem", "src\Healthy.FileSystem\Healthy.FileSystem.csproj", "{048931C7-567A-4998-AB75-C4E9250FBD31}"
EndProject
Project("{FAE04EC0-301F-11D3-BF4B-00C04F79EFBC}") = "Healthy.Redis", "src\Healthy.Redis\Healthy.Redis.csproj", "{76E10514-E53F-4415-AF34-34415DAF59B1}"
EndProject
Project("{FAE04EC0-301F-11D3-BF4B-00C04F79EFBC}") = "Healthy.SqlServer", "src\Healthy.SqlServer\Healthy.SqlServer.csproj", "{4AF7CEAE-B120-4F71-B0BB-96146EE593DD}"
EndProject
Project("{FAE04EC0-301F-11D3-BF4B-00C04F79EFBC}") = "Healthy.Web", "src\Healthy.Web\Healthy.Web.csproj", "{AD7C3804-592A-4FE1-B5DB-01E56147FEC2}"
EndProject
Project("{2150E333-8FDC-42A3-9474-1A3956D46DE8}") = "tests", "tests", "{DBED0EFB-CC07-477F-8CAA-ECA6D66143C1}"
EndProject
Project("{FAE04EC0-301F-11D3-BF4B-00C04F79EFBC}") = "Healthy.SampleApplication", "tests\Healthy.SampleApplication\Healthy.SampleApplication.csproj", "{325F6D8C-0136-4D5B-89EC-EC8290ECED13}"
EndProject
Global
	GlobalSection(SolutionConfigurationPlatforms) = preSolution
		Debug|Any CPU = Debug|Any CPU
		Debug|x64 = Debug|x64
		Debug|x86 = Debug|x86
		Release|Any CPU = Release|Any CPU
		Release|x64 = Release|x64
		Release|x86 = Release|x86
	EndGlobalSection
	GlobalSection(SolutionProperties) = preSolution
		HideSolutionNode = FALSE
	EndGlobalSection
	GlobalSection(ProjectConfigurationPlatforms) = postSolution
		{6848CD9E-CE82-4F1B-93FF-AF304BF2DFEF}.Debug|Any CPU.ActiveCfg = Debug|Any CPU
		{6848CD9E-CE82-4F1B-93FF-AF304BF2DFEF}.Debug|Any CPU.Build.0 = Debug|Any CPU
		{6848CD9E-CE82-4F1B-93FF-AF304BF2DFEF}.Debug|x64.ActiveCfg = Debug|x64
		{6848CD9E-CE82-4F1B-93FF-AF304BF2DFEF}.Debug|x64.Build.0 = Debug|x64
		{6848CD9E-CE82-4F1B-93FF-AF304BF2DFEF}.Debug|x86.ActiveCfg = Debug|x86
		{6848CD9E-CE82-4F1B-93FF-AF304BF2DFEF}.Debug|x86.Build.0 = Debug|x86
		{6848CD9E-CE82-4F1B-93FF-AF304BF2DFEF}.Release|Any CPU.ActiveCfg = Release|Any CPU
		{6848CD9E-CE82-4F1B-93FF-AF304BF2DFEF}.Release|Any CPU.Build.0 = Release|Any CPU
		{6848CD9E-CE82-4F1B-93FF-AF304BF2DFEF}.Release|x64.ActiveCfg = Release|x64
		{6848CD9E-CE82-4F1B-93FF-AF304BF2DFEF}.Release|x64.Build.0 = Release|x64
		{6848CD9E-CE82-4F1B-93FF-AF304BF2DFEF}.Release|x86.ActiveCfg = Release|x86
		{6848CD9E-CE82-4F1B-93FF-AF304BF2DFEF}.Release|x86.Build.0 = Release|x86
		{0C739C00-04C7-428A-AFBE-4AD378DAF3EB}.Debug|Any CPU.ActiveCfg = Debug|Any CPU
		{0C739C00-04C7-428A-AFBE-4AD378DAF3EB}.Debug|Any CPU.Build.0 = Debug|Any CPU
		{0C739C00-04C7-428A-AFBE-4AD378DAF3EB}.Debug|x64.ActiveCfg = Debug|x64
		{0C739C00-04C7-428A-AFBE-4AD378DAF3EB}.Debug|x64.Build.0 = Debug|x64
		{0C739C00-04C7-428A-AFBE-4AD378DAF3EB}.Debug|x86.ActiveCfg = Debug|x86
		{0C739C00-04C7-428A-AFBE-4AD378DAF3EB}.Debug|x86.Build.0 = Debug|x86
		{0C739C00-04C7-428A-AFBE-4AD378DAF3EB}.Release|Any CPU.ActiveCfg = Release|Any CPU
		{0C739C00-04C7-428A-AFBE-4AD378DAF3EB}.Release|Any CPU.Build.0 = Release|Any CPU
		{0C739C00-04C7-428A-AFBE-4AD378DAF3EB}.Release|x64.ActiveCfg = Release|x64
		{0C739C00-04C7-428A-AFBE-4AD378DAF3EB}.Release|x64.Build.0 = Release|x64
		{0C739C00-04C7-428A-AFBE-4AD378DAF3EB}.Release|x86.ActiveCfg = Release|x86
		{0C739C00-04C7-428A-AFBE-4AD378DAF3EB}.Release|x86.Build.0 = Release|x86
		{048931C7-567A-4998-AB75-C4E9250FBD31}.Debug|Any CPU.ActiveCfg = Debug|Any CPU
		{048931C7-567A-4998-AB75-C4E9250FBD31}.Debug|Any CPU.Build.0 = Debug|Any CPU
		{048931C7-567A-4998-AB75-C4E9250FBD31}.Debug|x64.ActiveCfg = Debug|x64
		{048931C7-567A-4998-AB75-C4E9250FBD31}.Debug|x64.Build.0 = Debug|x64
		{048931C7-567A-4998-AB75-C4E9250FBD31}.Debug|x86.ActiveCfg = Debug|x86
		{048931C7-567A-4998-AB75-C4E9250FBD31}.Debug|x86.Build.0 = Debug|x86
		{048931C7-567A-4998-AB75-C4E9250FBD31}.Release|Any CPU.ActiveCfg = Release|Any CPU
		{048931C7-567A-4998-AB75-C4E9250FBD31}.Release|Any CPU.Build.0 = Release|Any CPU
		{048931C7-567A-4998-AB75-C4E9250FBD31}.Release|x64.ActiveCfg = Release|x64
		{048931C7-567A-4998-AB75-C4E9250FBD31}.Release|x64.Build.0 = Release|x64
		{048931C7-567A-4998-AB75-C4E9250FBD31}.Release|x86.ActiveCfg = Release|x86
		{048931C7-567A-4998-AB75-C4E9250FBD31}.Release|x86.Build.0 = Release|x86
		{76E10514-E53F-4415-AF34-34415DAF59B1}.Debug|Any CPU.ActiveCfg = Debug|Any CPU
		{76E10514-E53F-4415-AF34-34415DAF59B1}.Debug|Any CPU.Build.0 = Debug|Any CPU
		{76E10514-E53F-4415-AF34-34415DAF59B1}.Debug|x64.ActiveCfg = Debug|x64
		{76E10514-E53F-4415-AF34-34415DAF59B1}.Debug|x64.Build.0 = Debug|x64
		{76E10514-E53F-4415-AF34-34415DAF59B1}.Debug|x86.ActiveCfg = Debug|x86
		{76E10514-E53F-4415-AF34-34415DAF59B1}.Debug|x86.Build.0 = Debug|x86
		{76E10514-E53F-4415-AF34-34415DAF59B1}.Release|Any CPU.ActiveCfg = Release|Any CPU
		{76E10514-E53F-4415-AF34-34415DAF59B1}.Release|Any CPU.Build.0 = Release|Any CPU
		{76E10514-E53F-4415-AF34-34415DAF59B1}.Release|x64.ActiveCfg = Release|x64
		{76E10514-E53F-4415-AF34-34415DAF59B1}.Release|x64.Build.0 = Release|x64
		{76E10514-E53F-4415-AF34-34415DAF59B1}.Release|x86.ActiveCfg = Release|x86
		{76E10514-E53F-4415-AF34-34415DAF59B1}.Release|x86.Build.0 = Release|x86
		{4AF7CEAE-B120-4F71-B0BB-96146EE593DD}.Debug|Any CPU.ActiveCfg = Debug|Any CPU
		{4AF7CEAE-B120-4F71-B0BB-96146EE593DD}.Debug|Any CPU.Build.0 = Debug|Any CPU
		{4AF7CEAE-B120-4F71-B0BB-96146EE593DD}.Debug|x64.ActiveCfg = Debug|x64
		{4AF7CEAE-B120-4F71-B0BB-96146EE593DD}.Debug|x64.Build.0 = Debug|x64
		{4AF7CEAE-B120-4F71-B0BB-96146EE593DD}.Debug|x86.ActiveCfg = Debug|x86
		{4AF7CEAE-B120-4F71-B0BB-96146EE593DD}.Debug|x86.Build.0 = Debug|x86
		{4AF7CEAE-B120-4F71-B0BB-96146EE593DD}.Release|Any CPU.ActiveCfg = Release|Any CPU
		{4AF7CEAE-B120-4F71-B0BB-96146EE593DD}.Release|Any CPU.Build.0 = Release|Any CPU
		{4AF7CEAE-B120-4F71-B0BB-96146EE593DD}.Release|x64.ActiveCfg = Release|x64
		{4AF7CEAE-B120-4F71-B0BB-96146EE593DD}.Release|x64.Build.0 = Release|x64
		{4AF7CEAE-B120-4F71-B0BB-96146EE593DD}.Release|x86.ActiveCfg = Release|x86
		{4AF7CEAE-B120-4F71-B0BB-96146EE593DD}.Release|x86.Build.0 = Release|x86
		{AD7C3804-592A-4FE1-B5DB-01E56147FEC2}.Debug|Any CPU.ActiveCfg = Debug|Any CPU
		{AD7C3804-592A-4FE1-B5DB-01E56147FEC2}.Debug|Any CPU.Build.0 = Debug|Any CPU
		{AD7C3804-592A-4FE1-B5DB-01E56147FEC2}.Debug|x64.ActiveCfg = Debug|x64
		{AD7C3804-592A-4FE1-B5DB-01E56147FEC2}.Debug|x64.Build.0 = Debug|x64
		{AD7C3804-592A-4FE1-B5DB-01E56147FEC2}.Debug|x86.ActiveCfg = Debug|x86
		{AD7C3804-592A-4FE1-B5DB-01E56147FEC2}.Debug|x86.Build.0 = Debug|x86
		{AD7C3804-592A-4FE1-B5DB-01E56147FEC2}.Release|Any CPU.ActiveCfg = Release|Any CPU
		{AD7C3804-592A-4FE1-B5DB-01E56147FEC2}.Release|Any CPU.Build.0 = Release|Any CPU
		{AD7C3804-592A-4FE1-B5DB-01E56147FEC2}.Release|x64.ActiveCfg = Release|x64
		{AD7C3804-592A-4FE1-B5DB-01E56147FEC2}.Release|x64.Build.0 = Release|x64
		{AD7C3804-592A-4FE1-B5DB-01E56147FEC2}.Release|x86.ActiveCfg = Release|x86
		{AD7C3804-592A-4FE1-B5DB-01E56147FEC2}.Release|x86.Build.0 = Release|x86
		{325F6D8C-0136-4D5B-89EC-EC8290ECED13}.Debug|Any CPU.ActiveCfg = Debug|Any CPU
		{325F6D8C-0136-4D5B-89EC-EC8290ECED13}.Debug|Any CPU.Build.0 = Debug|Any CPU
		{325F6D8C-0136-4D5B-89EC-EC8290ECED13}.Debug|x64.ActiveCfg = Debug|x64
		{325F6D8C-0136-4D5B-89EC-EC8290ECED13}.Debug|x64.Build.0 = Debug|x64
		{325F6D8C-0136-4D5B-89EC-EC8290ECED13}.Debug|x86.ActiveCfg = Debug|x86
		{325F6D8C-0136-4D5B-89EC-EC8290ECED13}.Debug|x86.Build.0 = Debug|x86
		{325F6D8C-0136-4D5B-89EC-EC8290ECED13}.Release|Any CPU.ActiveCfg = Release|Any CPU
		{325F6D8C-0136-4D5B-89EC-EC8290ECED13}.Release|Any CPU.Build.0 = Release|Any CPU
		{325F6D8C-0136-4D5B-89EC-EC8290ECED13}.Release|x64.ActiveCfg = Release|x64
		{325F6D8C-0136-4D5B-89EC-EC8290ECED13}.Release|x64.Build.0 = Release|x64
		{325F6D8C-0136-4D5B-89EC-EC8290ECED13}.Release|x86.ActiveCfg = Release|x86
		{325F6D8C-0136-4D5B-89EC-EC8290ECED13}.Release|x86.Build.0 = Release|x86
	EndGlobalSection
	GlobalSection(NestedProjects) = preSolution
		{6848CD9E-CE82-4F1B-93FF-AF304BF2DFEF} = {FF95EAE5-FDA8-4976-8E63-20D22063497C}
		{0C739C00-04C7-428A-AFBE-4AD378DAF3EB} = {FF95EAE5-FDA8-4976-8E63-20D22063497C}
		{048931C7-567A-4998-AB75-C4E9250FBD31} = {FF95EAE5-FDA8-4976-8E63-20D22063497C}
		{76E10514-E53F-4415-AF34-34415DAF59B1} = {FF95EAE5-FDA8-4976-8E63-20D22063497C}
		{4AF7CEAE-B120-4F71-B0BB-96146EE593DD} = {FF95EAE5-FDA8-4976-8E63-20D22063497C}
		{AD7C3804-592A-4FE1-B5DB-01E56147FEC2} = {FF95EAE5-FDA8-4976-8E63-20D22063497C}
		{325F6D8C-0136-4D5B-89EC-EC8290ECED13} = {DBED0EFB-CC07-477F-8CAA-ECA6D66143C1}
	EndGlobalSection
EndGlobal
